
Microsoft Visual Studio Solution File, Format Version 12.00
# Visual Studio Version 16
VisualStudioVersion = 16.0.29806.167
MinimumVisualStudioVersion = 10.0.40219.1
Project("{2150E333-8FDC-42A3-9474-1A3956D46DE8}") = "docs", "docs", "{70F433DB-164B-46DB-A1EC-E23A9AB6E096}"
EndProject
Project("{2150E333-8FDC-42A3-9474-1A3956D46DE8}") = "src", "src", "{C1EFB2E5-2CE6-49F1-B79C-5B96DDB133F5}"
EndProject
Project("{9A19103F-16F7-4668-BE54-9A1E7A4F7556}") = "BlueColor.DomainEntity", "src\BlueColor.DomainEntity\BlueColor.DomainEntity.csproj", "{6954435D-CE59-4D39-A196-549C1DA0BA08}"
EndProject
Project("{2150E333-8FDC-42A3-9474-1A3956D46DE8}") = "build", "build", "{1467868E-0BF7-4226-82D9-B58869EFCBD4}"
	ProjectSection(SolutionItems) = preProject
		build\Nuget包推送.txt = build\Nuget包推送.txt
	EndProjectSection
EndProject
Global
	GlobalSection(SolutionConfigurationPlatforms) = preSolution
		Debug|Any CPU = Debug|Any CPU
		Release|Any CPU = Release|Any CPU
	EndGlobalSection
	GlobalSection(ProjectConfigurationPlatforms) = postSolution
		{6954435D-CE59-4D39-A196-549C1DA0BA08}.Debug|Any CPU.ActiveCfg = Debug|Any CPU
		{6954435D-CE59-4D39-A196-549C1DA0BA08}.Debug|Any CPU.Build.0 = Debug|Any CPU
		{6954435D-CE59-4D39-A196-549C1DA0BA08}.Release|Any CPU.ActiveCfg = Release|Any CPU
		{6954435D-CE59-4D39-A196-549C1DA0BA08}.Release|Any CPU.Build.0 = Release|Any CPU
	EndGlobalSection
	GlobalSection(SolutionProperties) = preSolution
		HideSolutionNode = FALSE
	EndGlobalSection
	GlobalSection(NestedProjects) = preSolution
		{6954435D-CE59-4D39-A196-549C1DA0BA08} = {C1EFB2E5-2CE6-49F1-B79C-5B96DDB133F5}
	EndGlobalSection
	GlobalSection(ExtensibilityGlobals) = postSolution
		SolutionGuid = {BD0ACD2E-E86B-40A7-AB07-3C8A11D73ABD}
	EndGlobalSection
EndGlobal
